
Microsoft Visual Studio Solution File, Format Version 12.00
Project("{FAE04EC0-301F-11D3-BF4B-00C04F79EFBC}") = "Lame", "Lame\Lame.csproj", "{6E0D0145-AD30-4E52-8EC3-749C867A0A13}"
EndProject
Project("{FAE04EC0-301F-11D3-BF4B-00C04F79EFBC}") = "Lame.Test", "Lame.Test\Lame.Test.csproj", "{94165620-A0E4-492D-8F66-E73387D48631}"
EndProject
Global
	GlobalSection(SolutionConfigurationPlatforms) = preSolution
		Debug|Any CPU = Debug|Any CPU
		Release|Any CPU = Release|Any CPU
	EndGlobalSection
	GlobalSection(ProjectConfigurationPlatforms) = postSolution
		{6E0D0145-AD30-4E52-8EC3-749C867A0A13}.Debug|Any CPU.ActiveCfg = Debug|Any CPU
		{6E0D0145-AD30-4E52-8EC3-749C867A0A13}.Debug|Any CPU.Build.0 = Debug|Any CPU
		{6E0D0145-AD30-4E52-8EC3-749C867A0A13}.Release|Any CPU.ActiveCfg = Release|Any CPU
		{6E0D0145-AD30-4E52-8EC3-749C867A0A13}.Release|Any CPU.Build.0 = Release|Any CPU
		{94165620-A0E4-492D-8F66-E73387D48631}.Debug|Any CPU.ActiveCfg = Debug|Any CPU
		{94165620-A0E4-492D-8F66-E73387D48631}.Debug|Any CPU.Build.0 = Debug|Any CPU
		{94165620-A0E4-492D-8F66-E73387D48631}.Release|Any CPU.ActiveCfg = Release|Any CPU
		{94165620-A0E4-492D-8F66-E73387D48631}.Release|Any CPU.Build.0 = Release|Any CPU
	EndGlobalSection
EndGlobal
